<Solution>
  <Project Path="InventoryManagement.API/InventoryManagement.API.csproj" />
  <Project Path="InventoryManagement.Application/InventoryManagement.Application.csproj" />
  <Project Path="InventoryManagement.Domain/InventoryManagement.Domain.csproj" />
  <Project Path="InventoryManagement.Infrastructure/InventoryManagement.Infrastructure.csproj" />
  <Project Path="InventoryManagement.Persistence/InventoryManagement.Persistence.csproj" />
</Solution>
