<Solution>
  <Folder Name="/Tests/">
    <Project Path="Tests/InventoryManagement.Application.Tests/InventoryManagement.Application.Tests.csproj" />
    <Project Path="Tests/InventoryManagement.Domain.Tests/InventoryManagement.Domain.Tests.csproj" />
  </Folder>
  <Project Path="InventoryManagement.API/InventoryManagement.API.csproj" />
  <Project Path="InventoryManagement.Application/InventoryManagement.Application.csproj" />
  <Project Path="InventoryManagement.Domain/InventoryManagement.Domain.csproj" />
  <Project Path="InventoryManagement.Infrastructure/InventoryManagement.Infrastructure.csproj" />
  <Project Path="InventoryManagement.Persistence/InventoryManagement.Persistence.csproj" />
  <Project Path="InventoryManagement.Shared/InventoryManagement.Shared.csproj" />
</Solution>
